
Microsoft Visual Studio Solution File, Format Version 12.00
# Visual Studio Version 16
VisualStudioVersion = 16.0.33801.447
MinimumVisualStudioVersion = 10.0.40219.1
Project("{FAE04EC0-301F-11D3-BF4B-00C04F79EFBC}") = "UniversitySocialPlatform", "UniversitySocialPlatform\UniversitySocialPlatform.csproj", "{D8C8D4A0-1C79-4C80-85A3-A00EA7F078BB}"
EndProject
Global
	GlobalSection(SolutionConfigurationPlatforms) = preSolution
		Debug|Any CPU = Debug|Any CPU
		Release|Any CPU = Release|Any CPU
	EndGlobalSection
	GlobalSection(ProjectConfigurationPlatforms) = postSolution
		{D8C8D4A0-1C79-4C80-85A3-A00EA7F078BB}.Debug|Any CPU.ActiveCfg = Debug|Any CPU
		{D8C8D4A0-1C79-4C80-85A3-A00EA7F078BB}.Debug|Any CPU.Build.0 = Debug|Any CPU
		{D8C8D4A0-1C79-4C80-85A3-A00EA7F078BB}.Release|Any CPU.ActiveCfg = Release|Any CPU
		{D8C8D4A0-1C79-4C80-85A3-A00EA7F078BB}.Release|Any CPU.Build.0 = Release|Any CPU
	EndGlobalSection
	GlobalSection(SolutionProperties) = preSolution
		HideSolutionNode = FALSE
	EndGlobalSection
	GlobalSection(ExtensibilityGlobals) = postSolution
		SolutionGuid = {C6AF102F-3F62-4647-97F5-10590BAF2810}
	EndGlobalSection
EndGlobal
