
Microsoft Visual Studio Solution File, Format Version 12.00
# Visual Studio Version 16
VisualStudioVersion = 16.0.33801.447
MinimumVisualStudioVersion = 10.0.40219.1
Project("{FAE04EC0-301F-11D3-BF4B-00C04F79EFBC}") = "UniversitySocialPlatform", "UniversitySocialPlatform\UniversitySocialPlatform.csproj", "{D8C8D4A0-1C79-4C80-85A3-A00EA7F078BB}"
EndProject
Project("{FAE04EC0-301F-11D3-BF4B-00C04F79EFBC}") = "EntityLayer", "EntityLayer\EntityLayer.csproj", "{94DD6A56-1B3E-4D54-A06E-F2E4700CE53F}"
EndProject
Project("{FAE04EC0-301F-11D3-BF4B-00C04F79EFBC}") = "DataAccessLayer", "DataAccessLayer\DataAccessLayer.csproj", "{427E1611-0A3C-412C-B8F9-D7C6081BD302}"
EndProject
Project("{FAE04EC0-301F-11D3-BF4B-00C04F79EFBC}") = "BusinessLayer", "BusinessLayer\BusinessLayer.csproj", "{9AA88B2C-D7B5-4647-A98B-EB993BF3D27C}"
EndProject
Project("{FAE04EC0-301F-11D3-BF4B-00C04F79EFBC}") = "CoreLayer", "CoreLayer\CoreLayer.csproj", "{1E46231B-ED10-460C-82AF-B21ABB8763C1}"
EndProject
Global
	GlobalSection(SolutionConfigurationPlatforms) = preSolution
		Debug|Any CPU = Debug|Any CPU
		Release|Any CPU = Release|Any CPU
	EndGlobalSection
	GlobalSection(ProjectConfigurationPlatforms) = postSolution
		{D8C8D4A0-1C79-4C80-85A3-A00EA7F078BB}.Debug|Any CPU.ActiveCfg = Debug|Any CPU
		{D8C8D4A0-1C79-4C80-85A3-A00EA7F078BB}.Debug|Any CPU.Build.0 = Debug|Any CPU
		{D8C8D4A0-1C79-4C80-85A3-A00EA7F078BB}.Release|Any CPU.ActiveCfg = Release|Any CPU
		{D8C8D4A0-1C79-4C80-85A3-A00EA7F078BB}.Release|Any CPU.Build.0 = Release|Any CPU
		{94DD6A56-1B3E-4D54-A06E-F2E4700CE53F}.Debug|Any CPU.ActiveCfg = Debug|Any CPU
		{94DD6A56-1B3E-4D54-A06E-F2E4700CE53F}.Debug|Any CPU.Build.0 = Debug|Any CPU
		{94DD6A56-1B3E-4D54-A06E-F2E4700CE53F}.Release|Any CPU.ActiveCfg = Release|Any CPU
		{94DD6A56-1B3E-4D54-A06E-F2E4700CE53F}.Release|Any CPU.Build.0 = Release|Any CPU
		{427E1611-0A3C-412C-B8F9-D7C6081BD302}.Debug|Any CPU.ActiveCfg = Debug|Any CPU
		{427E1611-0A3C-412C-B8F9-D7C6081BD302}.Debug|Any CPU.Build.0 = Debug|Any CPU
		{427E1611-0A3C-412C-B8F9-D7C6081BD302}.Release|Any CPU.ActiveCfg = Release|Any CPU
		{427E1611-0A3C-412C-B8F9-D7C6081BD302}.Release|Any CPU.Build.0 = Release|Any CPU
		{9AA88B2C-D7B5-4647-A98B-EB993BF3D27C}.Debug|Any CPU.ActiveCfg = Debug|Any CPU
		{9AA88B2C-D7B5-4647-A98B-EB993BF3D27C}.Debug|Any CPU.Build.0 = Debug|Any CPU
		{9AA88B2C-D7B5-4647-A98B-EB993BF3D27C}.Release|Any CPU.ActiveCfg = Release|Any CPU
		{9AA88B2C-D7B5-4647-A98B-EB993BF3D27C}.Release|Any CPU.Build.0 = Release|Any CPU
		{1E46231B-ED10-460C-82AF-B21ABB8763C1}.Debug|Any CPU.ActiveCfg = Debug|Any CPU
		{1E46231B-ED10-460C-82AF-B21ABB8763C1}.Debug|Any CPU.Build.0 = Debug|Any CPU
		{1E46231B-ED10-460C-82AF-B21ABB8763C1}.Release|Any CPU.ActiveCfg = Release|Any CPU
		{1E46231B-ED10-460C-82AF-B21ABB8763C1}.Release|Any CPU.Build.0 = Release|Any CPU
	EndGlobalSection
	GlobalSection(SolutionProperties) = preSolution
		HideSolutionNode = FALSE
	EndGlobalSection
	GlobalSection(ExtensibilityGlobals) = postSolution
		SolutionGuid = {C6AF102F-3F62-4647-97F5-10590BAF2810}
	EndGlobalSection
EndGlobal
